{
    "_meta": {
        "hash": {
            "sha256": "0538ab077713a930eae539077e46f299853284e1d5be15b197ed202e9281c13b"
        },
        "pipfile-spec": 6,
        "requires": {
            "python_version": "3.6"
        },
        "sources": [
            {
                "name": "pypi",
                "url": "https://pypi.org/simple",
                "verify_ssl": true
            }
        ]
    },
    "default": {
        "click": {
            "hashes": [
                "sha256:2335065e6395b9e67ca716de5f7526736bfa6ceead690adf616d925bdc622b13",
                "sha256:5b94b49521f6456670fdb30cd82a4eca9412788a93fa6dd6df72c94d5a8ff2d7"
            ],
            "index": "pypi",
            "version": "==7.0"
        },
        "future": {
            "hashes": [
                "sha256:67045236dcfd6816dc439556d009594abf643e5eb48992e36beac09c2ca659b8"
            ],
            "version": "==0.17.1"
        },
        "python-whois": {
            "hashes": [
                "sha256:71b5ebf276e2277053ee70f88923cef1da7bbe9b42fe723ff238234b7b7ac8c9"
            ],
            "index": "pypi",
            "version": "==0.7.1"
        },
        "whois": {
            "hashes": [
                "sha256:788ba4fa4986d06351c1572f63ef1576d26f3cd5ecf5d999934421540c87021c"
            ],
            "index": "pypi",
            "version": "==0.7"
        }
    },
    "develop": {}
}
