{
    "_meta": {
        "hash": {
            "sha256": "f3feac9f14a157e4234280fc43eba9937f6cf2003db503cad4b4298e3e9d09ea"
        },
        "pipfile-spec": 6,
        "requires": {
            "python_version": "3.6"
        },
        "sources": [
            {
                "name": "pypi",
                "url": "https://pypi.org/simple",
                "verify_ssl": true
            }
        ]
    },
    "default": {
        "click": {
            "hashes": [
                "sha256:2335065e6395b9e67ca716de5f7526736bfa6ceead690adf616d925bdc622b13",
                "sha256:5b94b49521f6456670fdb30cd82a4eca9412788a93fa6dd6df72c94d5a8ff2d7"
            ],
            "index": "pypi",
            "version": "==7.0"
        },
        "future": {
            "hashes": [
                "sha256:67045236dcfd6816dc439556d009594abf643e5eb48992e36beac09c2ca659b8",
                "sha256:89642b4e61175e892a45f899c3d0b5da502bee9eb803975042fed5fe4e0ae6e4"
            ],
            "version": "==0.17.1"
        },
        "python-whois": {
            "hashes": [
                "sha256:71b5ebf276e2277053ee70f88923cef1da7bbe9b42fe723ff238234b7b7ac8c9"
            ],
            "index": "pypi",
            "version": "==0.7.1"
        }
    },
    "develop": {}
}
